<?xml version="1.0" encoding="utf-8"?>
<Project ToolsVersion="4.0" xmlns="http://schemas.microsoft.com/developer/msbuild/2003">
  <ItemGroup>
    <Filter Include="src">
      <UniqueIdentifier>{c8d93a5c-fa29-4540-bdb7-c5a4214fb847}</UniqueIdentifier>
    </Filter>
    <Filter Include="res">
      <UniqueIdentifier>{66552822-7d58-416c-8680-8075c18af6b1}</UniqueIdentifier>
    </Filter>
    <Filter Include="src\base">
      <UniqueIdentifier>{aa520511-69bd-42ad-aa7f-f89e429f7da9}</UniqueIdentifier>
    </Filter>
  </ItemGroup>
  <ItemGroup>
    <ClCompile Include="main.cpp" />
    <ClCompile Include="entities\meta\avv_types.cpp" />
    <ClCompile Include="entities\camera.cpp" />
    <ClCompile Include="entities\instance.cpp" />
    <ClCompile Include="entities\object.cpp" />
    <ClCompile Include="entities\shapes.cpp" />
    <ClCompile Include="input_handler.cpp" />
    <ClCompile Include="window.cpp" />
  </ItemGroup>
  <ItemGroup>
    <ClInclude Include="entities\meta\avv_types.h" />
    <ClInclude Include="entities\camera.h" />
    <ClInclude Include="entities\instance.h" />
    <ClInclude Include="entities\object.h" />
    <ClInclude Include="entities\shapes.h" />
    <ClInclude Include="window.h">
      <Filter>src\base</Filter>
    </ClInclude>
    <ClInclude Include="input_handler.h" />
  </ItemGroup>
</Project>